
Microsoft Visual Studio Solution File, Format Version 12.00
# Visual Studio Version 16
VisualStudioVersion = 16.0.30320.27
MinimumVisualStudioVersion = 10.0.40219.1
Project("{FAE04EC0-301F-11D3-BF4B-00C04F79EFBC}") = "ISTA220ProgrammingExercise04", "ISTA220ProgrammingExercise04\ISTA220ProgrammingExercise04.csproj", "{4E6D235D-AF6A-48EB-BE82-796DEB68366F}"
EndProject
Global
	GlobalSection(SolutionConfigurationPlatforms) = preSolution
		Debug|Any CPU = Debug|Any CPU
		Release|Any CPU = Release|Any CPU
	EndGlobalSection
	GlobalSection(ProjectConfigurationPlatforms) = postSolution
		{4E6D235D-AF6A-48EB-BE82-796DEB68366F}.Debug|Any CPU.ActiveCfg = Debug|Any CPU
		{4E6D235D-AF6A-48EB-BE82-796DEB68366F}.Debug|Any CPU.Build.0 = Debug|Any CPU
		{4E6D235D-AF6A-48EB-BE82-796DEB68366F}.Release|Any CPU.ActiveCfg = Release|Any CPU
		{4E6D235D-AF6A-48EB-BE82-796DEB68366F}.Release|Any CPU.Build.0 = Release|Any CPU
	EndGlobalSection
	GlobalSection(SolutionProperties) = preSolution
		HideSolutionNode = FALSE
	EndGlobalSection
	GlobalSection(ExtensibilityGlobals) = postSolution
		SolutionGuid = {7F145018-EAC7-4CA8-9D86-FE0AFC971A8E}
	EndGlobalSection
EndGlobal
