
Microsoft Visual Studio Solution File, Format Version 12.00
# Visual Studio Version 16
VisualStudioVersion = 16.0.30225.117
MinimumVisualStudioVersion = 10.0.40219.1
Project("{FAE04EC0-301F-11D3-BF4B-00C04F79EFBC}") = "TextHello", "TextHello\TextHello.csproj", "{BC3F47B0-2C59-472E-A932-5A1E6CEBD8FA}"
EndProject
Global
	GlobalSection(SolutionConfigurationPlatforms) = preSolution
		Debug|Any CPU = Debug|Any CPU
		Release|Any CPU = Release|Any CPU
	EndGlobalSection
	GlobalSection(ProjectConfigurationPlatforms) = postSolution
		{BC3F47B0-2C59-472E-A932-5A1E6CEBD8FA}.Debug|Any CPU.ActiveCfg = Debug|Any CPU
		{BC3F47B0-2C59-472E-A932-5A1E6CEBD8FA}.Debug|Any CPU.Build.0 = Debug|Any CPU
		{BC3F47B0-2C59-472E-A932-5A1E6CEBD8FA}.Release|Any CPU.ActiveCfg = Release|Any CPU
		{BC3F47B0-2C59-472E-A932-5A1E6CEBD8FA}.Release|Any CPU.Build.0 = Release|Any CPU
	EndGlobalSection
	GlobalSection(SolutionProperties) = preSolution
		HideSolutionNode = FALSE
	EndGlobalSection
	GlobalSection(ExtensibilityGlobals) = postSolution
		SolutionGuid = {162F1035-1B35-42F4-8058-629AD41D9A22}
	EndGlobalSection
EndGlobal
